{
  "name": "lr2oraja-endlessdream-rian",
  "lockfileVersion": 3,
  "requires": true,
  "packages": {
    "": {
      "dependencies": {
        "antigravity-global-agents": "github:kassyi/antigravity-global-agents"
      },
      "devDependencies": {
        "antigravity-global-agents": "git+ssh://git@github.com:kassyi/antigravity-global-agents.git#main"
      }
    },
    "node_modules/antigravity-global-agents": {
      "version": "1.0.0",
      "resolved": "git+ssh://git@github.com/kassyi/antigravity-global-agents.git#507d5fcd8f33a4138db17d40810df05c00f55b60",
      "dev": true,
      "bin": {
        "antigravity-global-agents": "bin/setup.js",
        "build-prompt": "bin/build-prompt.js"
      }
    }
  }
}
